
Microsoft Visual Studio Solution File, Format Version 12.00
Project("{FAE04EC0-301F-11D3-BF4B-00C04F79EFBC}") = "EscolaEximia.HttpService", "EscolaEximia.HttpService\EscolaEximia.HttpService.csproj", "{0B14A154-11A2-4EC7-A006-84B484FCD843}"
EndProject
Global
	GlobalSection(SolutionConfigurationPlatforms) = preSolution
		Debug|Any CPU = Debug|Any CPU
		Release|Any CPU = Release|Any CPU
	EndGlobalSection
	GlobalSection(ProjectConfigurationPlatforms) = postSolution
		{0B14A154-11A2-4EC7-A006-84B484FCD843}.Debug|Any CPU.ActiveCfg = Debug|Any CPU
		{0B14A154-11A2-4EC7-A006-84B484FCD843}.Debug|Any CPU.Build.0 = Debug|Any CPU
		{0B14A154-11A2-4EC7-A006-84B484FCD843}.Release|Any CPU.ActiveCfg = Release|Any CPU
		{0B14A154-11A2-4EC7-A006-84B484FCD843}.Release|Any CPU.Build.0 = Release|Any CPU
	EndGlobalSection
EndGlobal
